
Microsoft Visual Studio Solution File, Format Version 12.00
# Visual Studio Version 17
VisualStudioVersion = 17.4.33213.308
MinimumVisualStudioVersion = 10.0.40219.1
Project("{FAE04EC0-301F-11D3-BF4B-00C04F79EFBC}") = "Week9Lists", "Week9Lists\Week9Lists.csproj", "{AE334A43-358E-4943-860D-617200D94026}"
EndProject
Global
	GlobalSection(SolutionConfigurationPlatforms) = preSolution
		Debug|Any CPU = Debug|Any CPU
		Release|Any CPU = Release|Any CPU
	EndGlobalSection
	GlobalSection(ProjectConfigurationPlatforms) = postSolution
		{AE334A43-358E-4943-860D-617200D94026}.Debug|Any CPU.ActiveCfg = Debug|Any CPU
		{AE334A43-358E-4943-860D-617200D94026}.Debug|Any CPU.Build.0 = Debug|Any CPU
		{AE334A43-358E-4943-860D-617200D94026}.Release|Any CPU.ActiveCfg = Release|Any CPU
		{AE334A43-358E-4943-860D-617200D94026}.Release|Any CPU.Build.0 = Release|Any CPU
	EndGlobalSection
	GlobalSection(SolutionProperties) = preSolution
		HideSolutionNode = FALSE
	EndGlobalSection
	GlobalSection(ExtensibilityGlobals) = postSolution
		SolutionGuid = {0B0A9455-2B67-4A54-879A-6362D6D34B5E}
	EndGlobalSection
EndGlobal
